
Microsoft Visual Studio Solution File, Format Version 12.00
# Visual Studio 15
VisualStudioVersion = 15.0.28010.2016
MinimumVisualStudioVersion = 10.0.40219.1
Project("{FAE04EC0-301F-11D3-BF4B-00C04F79EFBC}") = "SOOIDN.Api", "SOOIDN.Api\SOOIDN.Api.csproj", "{EB6A3D7B-19CB-4CF7-998C-17FB12DC56B6}"
EndProject
Project("{FAE04EC0-301F-11D3-BF4B-00C04F79EFBC}") = "SOOIDN.Api.Tests", "SOOIDN.Api.Tests\SOOIDN.Api.Tests.csproj", "{0EE781FE-6A6B-46BC-A32B-894ED850778E}"
EndProject
Project("{9A19103F-16F7-4668-BE54-9A1E7A4F7556}") = "SOOIDN.Client", "SOOIDN.Client\SOOIDN.Client.csproj", "{327793FF-8C8D-41CA-932A-8083A0BAA93D}"
EndProject
Global
	GlobalSection(SolutionConfigurationPlatforms) = preSolution
		Debug|Any CPU = Debug|Any CPU
		Release|Any CPU = Release|Any CPU
	EndGlobalSection
	GlobalSection(ProjectConfigurationPlatforms) = postSolution
		{EB6A3D7B-19CB-4CF7-998C-17FB12DC56B6}.Debug|Any CPU.ActiveCfg = Debug|Any CPU
		{EB6A3D7B-19CB-4CF7-998C-17FB12DC56B6}.Debug|Any CPU.Build.0 = Debug|Any CPU
		{EB6A3D7B-19CB-4CF7-998C-17FB12DC56B6}.Release|Any CPU.ActiveCfg = Release|Any CPU
		{EB6A3D7B-19CB-4CF7-998C-17FB12DC56B6}.Release|Any CPU.Build.0 = Release|Any CPU
		{0EE781FE-6A6B-46BC-A32B-894ED850778E}.Debug|Any CPU.ActiveCfg = Debug|Any CPU
		{0EE781FE-6A6B-46BC-A32B-894ED850778E}.Debug|Any CPU.Build.0 = Debug|Any CPU
		{0EE781FE-6A6B-46BC-A32B-894ED850778E}.Release|Any CPU.ActiveCfg = Release|Any CPU
		{0EE781FE-6A6B-46BC-A32B-894ED850778E}.Release|Any CPU.Build.0 = Release|Any CPU
		{327793FF-8C8D-41CA-932A-8083A0BAA93D}.Debug|Any CPU.ActiveCfg = Debug|Any CPU
		{327793FF-8C8D-41CA-932A-8083A0BAA93D}.Debug|Any CPU.Build.0 = Debug|Any CPU
		{327793FF-8C8D-41CA-932A-8083A0BAA93D}.Release|Any CPU.ActiveCfg = Release|Any CPU
		{327793FF-8C8D-41CA-932A-8083A0BAA93D}.Release|Any CPU.Build.0 = Release|Any CPU
	EndGlobalSection
	GlobalSection(SolutionProperties) = preSolution
		HideSolutionNode = FALSE
	EndGlobalSection
	GlobalSection(ExtensibilityGlobals) = postSolution
		SolutionGuid = {BA306230-E44F-4A69-8F76-7EFD36580A0B}
	EndGlobalSection
EndGlobal
